
Microsoft Visual Studio Solution File, Format Version 12.00
# Visual Studio Version 16
VisualStudioVersion = 16.0.29411.108
MinimumVisualStudioVersion = 10.0.40219.1
Project("{FAE04EC0-301F-11D3-BF4B-00C04F79EFBC}") = "TestNhanVien.Android", "TestNhanVien\TestNhanVien.Android\TestNhanVien.Android.csproj", "{F838510D-3ECE-43B5-9878-77045B91D1D4}"
EndProject
Project("{FAE04EC0-301F-11D3-BF4B-00C04F79EFBC}") = "TestNhanVien.iOS", "TestNhanVien\TestNhanVien.iOS\TestNhanVien.iOS.csproj", "{E661841C-2B00-4E64-839A-414F5992D28F}"
EndProject
Project("{FAE04EC0-301F-11D3-BF4B-00C04F79EFBC}") = "TestNhanVien", "TestNhanVien\TestNhanVien\TestNhanVien.csproj", "{48FBEE24-3FC7-4707-A0B6-F0C6E105AFA3}"
EndProject
Global
	GlobalSection(SolutionConfigurationPlatforms) = preSolution
		Debug|Any CPU = Debug|Any CPU
		Debug|iPhone = Debug|iPhone
		Debug|iPhoneSimulator = Debug|iPhoneSimulator
		Release|Any CPU = Release|Any CPU
		Release|iPhone = Release|iPhone
		Release|iPhoneSimulator = Release|iPhoneSimulator
	EndGlobalSection
	GlobalSection(ProjectConfigurationPlatforms) = postSolution
		{F838510D-3ECE-43B5-9878-77045B91D1D4}.Debug|Any CPU.ActiveCfg = Debug|Any CPU
		{F838510D-3ECE-43B5-9878-77045B91D1D4}.Debug|Any CPU.Build.0 = Debug|Any CPU
		{F838510D-3ECE-43B5-9878-77045B91D1D4}.Debug|Any CPU.Deploy.0 = Debug|Any CPU
		{F838510D-3ECE-43B5-9878-77045B91D1D4}.Debug|iPhone.ActiveCfg = Debug|Any CPU
		{F838510D-3ECE-43B5-9878-77045B91D1D4}.Debug|iPhone.Build.0 = Debug|Any CPU
		{F838510D-3ECE-43B5-9878-77045B91D1D4}.Debug|iPhone.Deploy.0 = Debug|Any CPU
		{F838510D-3ECE-43B5-9878-77045B91D1D4}.Debug|iPhoneSimulator.ActiveCfg = Debug|Any CPU
		{F838510D-3ECE-43B5-9878-77045B91D1D4}.Debug|iPhoneSimulator.Build.0 = Debug|Any CPU
		{F838510D-3ECE-43B5-9878-77045B91D1D4}.Debug|iPhoneSimulator.Deploy.0 = Debug|Any CPU
		{F838510D-3ECE-43B5-9878-77045B91D1D4}.Release|Any CPU.ActiveCfg = Release|Any CPU
		{F838510D-3ECE-43B5-9878-77045B91D1D4}.Release|Any CPU.Build.0 = Release|Any CPU
		{F838510D-3ECE-43B5-9878-77045B91D1D4}.Release|Any CPU.Deploy.0 = Release|Any CPU
		{F838510D-3ECE-43B5-9878-77045B91D1D4}.Release|iPhone.ActiveCfg = Release|Any CPU
		{F838510D-3ECE-43B5-9878-77045B91D1D4}.Release|iPhone.Build.0 = Release|Any CPU
		{F838510D-3ECE-43B5-9878-77045B91D1D4}.Release|iPhone.Deploy.0 = Release|Any CPU
		{F838510D-3ECE-43B5-9878-77045B91D1D4}.Release|iPhoneSimulator.ActiveCfg = Release|Any CPU
		{F838510D-3ECE-43B5-9878-77045B91D1D4}.Release|iPhoneSimulator.Build.0 = Release|Any CPU
		{F838510D-3ECE-43B5-9878-77045B91D1D4}.Release|iPhoneSimulator.Deploy.0 = Release|Any CPU
		{E661841C-2B00-4E64-839A-414F5992D28F}.Debug|Any CPU.ActiveCfg = Debug|iPhoneSimulator
		{E661841C-2B00-4E64-839A-414F5992D28F}.Debug|Any CPU.Build.0 = Debug|iPhoneSimulator
		{E661841C-2B00-4E64-839A-414F5992D28F}.Debug|Any CPU.Deploy.0 = Debug|iPhoneSimulator
		{E661841C-2B00-4E64-839A-414F5992D28F}.Debug|iPhone.ActiveCfg = Debug|iPhone
		{E661841C-2B00-4E64-839A-414F5992D28F}.Debug|iPhone.Build.0 = Debug|iPhone
		{E661841C-2B00-4E64-839A-414F5992D28F}.Debug|iPhone.Deploy.0 = Debug|iPhone
		{E661841C-2B00-4E64-839A-414F5992D28F}.Debug|iPhoneSimulator.ActiveCfg = Debug|iPhoneSimulator
		{E661841C-2B00-4E64-839A-414F5992D28F}.Debug|iPhoneSimulator.Build.0 = Debug|iPhoneSimulator
		{E661841C-2B00-4E64-839A-414F5992D28F}.Debug|iPhoneSimulator.Deploy.0 = Debug|iPhoneSimulator
		{E661841C-2B00-4E64-839A-414F5992D28F}.Release|Any CPU.ActiveCfg = Release|iPhone
		{E661841C-2B00-4E64-839A-414F5992D28F}.Release|Any CPU.Build.0 = Release|iPhone
		{E661841C-2B00-4E64-839A-414F5992D28F}.Release|Any CPU.Deploy.0 = Release|iPhone
		{E661841C-2B00-4E64-839A-414F5992D28F}.Release|iPhone.ActiveCfg = Release|iPhone
		{E661841C-2B00-4E64-839A-414F5992D28F}.Release|iPhone.Build.0 = Release|iPhone
		{E661841C-2B00-4E64-839A-414F5992D28F}.Release|iPhone.Deploy.0 = Release|iPhone
		{E661841C-2B00-4E64-839A-414F5992D28F}.Release|iPhoneSimulator.ActiveCfg = Release|iPhoneSimulator
		{E661841C-2B00-4E64-839A-414F5992D28F}.Release|iPhoneSimulator.Build.0 = Release|iPhoneSimulator
		{E661841C-2B00-4E64-839A-414F5992D28F}.Release|iPhoneSimulator.Deploy.0 = Release|iPhoneSimulator
		{48FBEE24-3FC7-4707-A0B6-F0C6E105AFA3}.Debug|Any CPU.ActiveCfg = Debug|Any CPU
		{48FBEE24-3FC7-4707-A0B6-F0C6E105AFA3}.Debug|Any CPU.Build.0 = Debug|Any CPU
		{48FBEE24-3FC7-4707-A0B6-F0C6E105AFA3}.Debug|Any CPU.Deploy.0 = Debug|Any CPU
		{48FBEE24-3FC7-4707-A0B6-F0C6E105AFA3}.Debug|iPhone.ActiveCfg = Debug|Any CPU
		{48FBEE24-3FC7-4707-A0B6-F0C6E105AFA3}.Debug|iPhone.Build.0 = Debug|Any CPU
		{48FBEE24-3FC7-4707-A0B6-F0C6E105AFA3}.Debug|iPhone.Deploy.0 = Debug|Any CPU
		{48FBEE24-3FC7-4707-A0B6-F0C6E105AFA3}.Debug|iPhoneSimulator.ActiveCfg = Debug|Any CPU
		{48FBEE24-3FC7-4707-A0B6-F0C6E105AFA3}.Debug|iPhoneSimulator.Build.0 = Debug|Any CPU
		{48FBEE24-3FC7-4707-A0B6-F0C6E105AFA3}.Debug|iPhoneSimulator.Deploy.0 = Debug|Any CPU
		{48FBEE24-3FC7-4707-A0B6-F0C6E105AFA3}.Release|Any CPU.ActiveCfg = Release|Any CPU
		{48FBEE24-3FC7-4707-A0B6-F0C6E105AFA3}.Release|Any CPU.Build.0 = Release|Any CPU
		{48FBEE24-3FC7-4707-A0B6-F0C6E105AFA3}.Release|Any CPU.Deploy.0 = Release|Any CPU
		{48FBEE24-3FC7-4707-A0B6-F0C6E105AFA3}.Release|iPhone.ActiveCfg = Release|Any CPU
		{48FBEE24-3FC7-4707-A0B6-F0C6E105AFA3}.Release|iPhone.Build.0 = Release|Any CPU
		{48FBEE24-3FC7-4707-A0B6-F0C6E105AFA3}.Release|iPhone.Deploy.0 = Release|Any CPU
		{48FBEE24-3FC7-4707-A0B6-F0C6E105AFA3}.Release|iPhoneSimulator.ActiveCfg = Release|Any CPU
		{48FBEE24-3FC7-4707-A0B6-F0C6E105AFA3}.Release|iPhoneSimulator.Build.0 = Release|Any CPU
		{48FBEE24-3FC7-4707-A0B6-F0C6E105AFA3}.Release|iPhoneSimulator.Deploy.0 = Release|Any CPU
	EndGlobalSection
	GlobalSection(SolutionProperties) = preSolution
		HideSolutionNode = FALSE
	EndGlobalSection
	GlobalSection(ExtensibilityGlobals) = postSolution
		SolutionGuid = {50B0AC1E-99D2-4D7B-90B0-018EC3549BF2}
	EndGlobalSection
EndGlobal
